
Microsoft Visual Studio Solution File, Format Version 12.00
# Visual Studio Version 16
VisualStudioVersion = 16.0.31424.327
MinimumVisualStudioVersion = 10.0.40219.1
Project("{FAE04EC0-301F-11D3-BF4B-00C04F79EFBC}") = "WiredBrianCoffee.StorageApp", "WiredBrianCoffee.StorageApp.csproj", "{4D029894-C173-4239-94B6-8F7D980FCB92}"
EndProject
Global
	GlobalSection(SolutionConfigurationPlatforms) = preSolution
		Debug|Any CPU = Debug|Any CPU
		Release|Any CPU = Release|Any CPU
	EndGlobalSection
	GlobalSection(ProjectConfigurationPlatforms) = postSolution
		{4D029894-C173-4239-94B6-8F7D980FCB92}.Debug|Any CPU.ActiveCfg = Debug|Any CPU
		{4D029894-C173-4239-94B6-8F7D980FCB92}.Debug|Any CPU.Build.0 = Debug|Any CPU
		{4D029894-C173-4239-94B6-8F7D980FCB92}.Release|Any CPU.ActiveCfg = Release|Any CPU
		{4D029894-C173-4239-94B6-8F7D980FCB92}.Release|Any CPU.Build.0 = Release|Any CPU
	EndGlobalSection
	GlobalSection(SolutionProperties) = preSolution
		HideSolutionNode = FALSE
	EndGlobalSection
	GlobalSection(ExtensibilityGlobals) = postSolution
		SolutionGuid = {FC187CE0-D533-40CB-B8DE-1A4061FF1F47}
	EndGlobalSection
EndGlobal
